
Microsoft Visual Studio Solution File, Format Version 12.00
# Visual Studio Version 17
VisualStudioVersion = 17.2.32630.192
MinimumVisualStudioVersion = 10.0.40219.1
Project("{9A19103F-16F7-4668-BE54-9A1E7A4F7556}") = "ConsoleMongoApp", "ConsoleMongoApp\ConsoleMongoApp.csproj", "{7E9C71A6-5DAE-4E67-84C6-420784BF9AC2}"
EndProject
Project("{2150E333-8FDC-42A3-9474-1A3956D46DE8}") = "Solution Items", "Solution Items", "{C2E780AF-0F42-4D01-820A-0223F118A855}"
	ProjectSection(SolutionItems) = preProject
		Readme.md = Readme.md
	EndProjectSection
EndProject
Project("{9A19103F-16F7-4668-BE54-9A1E7A4F7556}") = "TimebokaUI", "TimebokaUI\TimebokaUI.csproj", "{ABE8D072-4AD8-41E4-8364-538EF24C6721}"
EndProject
Project("{9A19103F-16F7-4668-BE54-9A1E7A4F7556}") = "TimebokaClassLibrary", "TimebokaClassLibrary\TimebokaClassLibrary.csproj", "{CA5C51C7-0616-497A-9474-F8082AF07FAA}"
EndProject
Global
	GlobalSection(SolutionConfigurationPlatforms) = preSolution
		Debug|Any CPU = Debug|Any CPU
		Release|Any CPU = Release|Any CPU
	EndGlobalSection
	GlobalSection(ProjectConfigurationPlatforms) = postSolution
		{7E9C71A6-5DAE-4E67-84C6-420784BF9AC2}.Debug|Any CPU.ActiveCfg = Debug|Any CPU
		{7E9C71A6-5DAE-4E67-84C6-420784BF9AC2}.Debug|Any CPU.Build.0 = Debug|Any CPU
		{7E9C71A6-5DAE-4E67-84C6-420784BF9AC2}.Release|Any CPU.ActiveCfg = Release|Any CPU
		{7E9C71A6-5DAE-4E67-84C6-420784BF9AC2}.Release|Any CPU.Build.0 = Release|Any CPU
		{ABE8D072-4AD8-41E4-8364-538EF24C6721}.Debug|Any CPU.ActiveCfg = Debug|Any CPU
		{ABE8D072-4AD8-41E4-8364-538EF24C6721}.Debug|Any CPU.Build.0 = Debug|Any CPU
		{ABE8D072-4AD8-41E4-8364-538EF24C6721}.Release|Any CPU.ActiveCfg = Release|Any CPU
		{ABE8D072-4AD8-41E4-8364-538EF24C6721}.Release|Any CPU.Build.0 = Release|Any CPU
		{CA5C51C7-0616-497A-9474-F8082AF07FAA}.Debug|Any CPU.ActiveCfg = Debug|Any CPU
		{CA5C51C7-0616-497A-9474-F8082AF07FAA}.Debug|Any CPU.Build.0 = Debug|Any CPU
		{CA5C51C7-0616-497A-9474-F8082AF07FAA}.Release|Any CPU.ActiveCfg = Release|Any CPU
		{CA5C51C7-0616-497A-9474-F8082AF07FAA}.Release|Any CPU.Build.0 = Release|Any CPU
	EndGlobalSection
	GlobalSection(SolutionProperties) = preSolution
		HideSolutionNode = FALSE
	EndGlobalSection
	GlobalSection(ExtensibilityGlobals) = postSolution
		SolutionGuid = {85F73A47-CA43-42D8-A0CA-BBC67A189E6E}
	EndGlobalSection
EndGlobal
